{
    "_readme": [
        "This file locks the dependencies of your project to a known state",
        "Read more about it at https://getcomposer.org/doc/01-basic-usage.md#composer-lock-the-lock-file",
        "This file is @generated automatically"
    ],
    "hash": "10cd55a68756fa84843c6b8f6c8a062e",
    "content-hash": "cc855ef6225a314f0f7ac3976e13eb39",
    "packages": [
        {
            "name": "joshcam/mysqli-database-class",
            "version": "v2.7",
            "source": {
                "type": "git",
                "url": "https://github.com/joshcam/PHP-MySQLi-Database-Class.git",
                "reference": "0595c669e6883adaad1b3285b166fd9f58fd6acd"
            },
            "dist": {
                "type": "zip",
                "url": "https://packagist.phpcomposer.com/files/joshcam/PHP-MySQLi-Database-Class/0595c669e6883adaad1b3285b166fd9f58fd6acd.zip",
                "reference": "0595c669e6883adaad1b3285b166fd9f58fd6acd",
                "shasum": ""
            },
            "require": {
                "php": ">=5.3.0"
            },
            "type": "library",
            "autoload": {
                "files": [
                    "MysqliDb.php",
                    "dbObject.php"
                ]
            },
            "notification-url": "https://packagist.org/downloads/",
            "license": [
                "GPL-3.0"
            ],
            "authors": [
                {
                    "name": "Josh Campbell",
                    "email": "josh.lee.campbell@gmail.com",
                    "homepage": "https://github.com/joshcam",
                    "role": "Developer"
                },
                {
                    "name": "Alexander V. Butenko",
                    "email": "a.butenka@gmail.com",
                    "homepage": "http://smarttechdo.com",
                    "role": "Developer"
                }
            ],
            "description": "PHP MySQL Wrapper and object mapper which utilizes MySQLi and prepared statements",
            "time": "2016-11-18 16:16:21"
        },
        {
            "name": "plumephp/plume",
            "version": "1.0",
            "source": {
                "type": "git",
                "url": "https://github.com/plumephp/plume.git",
                "reference": "ba5cc925ae4527393ef6839e6a86718664da0b5a"
            },
            "dist": {
                "type": "zip",
                "url": "https://packagist.phpcomposer.com/files/plumephp/plume/ba5cc925ae4527393ef6839e6a86718664da0b5a.zip",
                "reference": "ba5cc925ae4527393ef6839e6a86718664da0b5a",
                "shasum": ""
            },
            "require": {
                "joshcam/mysqli-database-class": "^2.7"
            },
            "require-dev": {
                "phpunit/phpunit": "5.5.7"
            },
            "type": "library",
            "autoload": {
                "psr-4": {
                    "Plume\\": "src/Plume"
                }
            },
            "notification-url": "https://packagist.org/downloads/",
            "license": [
                "BSD-2-Clause"
            ],
            "description": "A micro framework for PHP.",
            "time": "2016-12-12 16:24:11"
        },
        {
            "name": "plumephp/websocket",
            "version": "1.0",
            "source": {
                "type": "git",
                "url": "https://github.com/plumephp/websocket.git",
                "reference": "572e821fba0adc01ca773ed39b069fa20ca4849a"
            },
            "dist": {
                "type": "zip",
                "url": "https://packagist.phpcomposer.com/files/plumephp/websocket/572e821fba0adc01ca773ed39b069fa20ca4849a.zip",
                "reference": "572e821fba0adc01ca773ed39b069fa20ca4849a",
                "shasum": ""
            },
            "require": {
                "plumephp/plume": "^1.0"
            },
            "type": "library",
            "autoload": {
                "psr-4": {
                    "Plume\\WebSocket\\": "src/"
                }
            },
            "notification-url": "https://packagist.org/downloads/",
            "license": [
                "BSD-2-Clause"
            ],
            "time": "2016-12-16 14:48:57"
        }
    ],
    "packages-dev": [],
    "aliases": [],
    "minimum-stability": "dev",
    "stability-flags": [],
    "prefer-stable": false,
    "prefer-lowest": false,
    "platform": [],
    "platform-dev": []
}
